
Microsoft Visual Studio Solution File, Format Version 12.00
# Visual Studio Version 17
VisualStudioVersion = 17.4.33205.214
MinimumVisualStudioVersion = 10.0.40219.1
Project("{9A19103F-16F7-4668-BE54-9A1E7A4F7556}") = "GraphAlgorithms.Web", "GraphAlgorithms.Web\GraphAlgorithms.Web.csproj", "{B385A40C-8A57-4541-87F6-1ADC5D31DDFE}"
EndProject
Project("{9A19103F-16F7-4668-BE54-9A1E7A4F7556}") = "GraphAlgorithms.Core", "GraphAlgorithms.Core\GraphAlgorithms.Core.csproj", "{C1D5B91F-9D67-43CB-8909-82FAEE8C60FC}"
EndProject
Project("{9A19103F-16F7-4668-BE54-9A1E7A4F7556}") = "GraphAlgorithms.Repository", "GraphAlgorithms.Repository\GraphAlgorithms.Repository.csproj", "{BD4B1E29-A9E9-48A1-A1A1-56A75DCD9E81}"
EndProject
Project("{9A19103F-16F7-4668-BE54-9A1E7A4F7556}") = "GraphAlgorithms.Service", "GraphAlgorithms.Service\GraphAlgorithms.Service.csproj", "{C04995DE-A876-4C37-828F-E374CAA0BA5F}"
EndProject
Project("{9A19103F-16F7-4668-BE54-9A1E7A4F7556}") = "GraphAlgorithms.Shared", "GraphAlgorithms.Shared\GraphAlgorithms.Shared.csproj", "{5EEC48C0-AA61-4C26-A598-AC578E1C2635}"
EndProject
Project("{FAE04EC0-301F-11D3-BF4B-00C04F79EFBC}") = "GraphAlgorithms.RandomGeneratorWorker", "GraphAlgorithms.RandomGeneratorWorker\GraphAlgorithms.RandomGeneratorWorker.csproj", "{F3B9ABE8-547F-4546-B785-E34FE0AB1A1E}"
EndProject
Global
	GlobalSection(SolutionConfigurationPlatforms) = preSolution
		Debug|Any CPU = Debug|Any CPU
		Release|Any CPU = Release|Any CPU
	EndGlobalSection
	GlobalSection(ProjectConfigurationPlatforms) = postSolution
		{B385A40C-8A57-4541-87F6-1ADC5D31DDFE}.Debug|Any CPU.ActiveCfg = Debug|Any CPU
		{B385A40C-8A57-4541-87F6-1ADC5D31DDFE}.Debug|Any CPU.Build.0 = Debug|Any CPU
		{B385A40C-8A57-4541-87F6-1ADC5D31DDFE}.Release|Any CPU.ActiveCfg = Release|Any CPU
		{B385A40C-8A57-4541-87F6-1ADC5D31DDFE}.Release|Any CPU.Build.0 = Release|Any CPU
		{C1D5B91F-9D67-43CB-8909-82FAEE8C60FC}.Debug|Any CPU.ActiveCfg = Debug|Any CPU
		{C1D5B91F-9D67-43CB-8909-82FAEE8C60FC}.Debug|Any CPU.Build.0 = Debug|Any CPU
		{C1D5B91F-9D67-43CB-8909-82FAEE8C60FC}.Release|Any CPU.ActiveCfg = Release|Any CPU
		{C1D5B91F-9D67-43CB-8909-82FAEE8C60FC}.Release|Any CPU.Build.0 = Release|Any CPU
		{BD4B1E29-A9E9-48A1-A1A1-56A75DCD9E81}.Debug|Any CPU.ActiveCfg = Debug|Any CPU
		{BD4B1E29-A9E9-48A1-A1A1-56A75DCD9E81}.Debug|Any CPU.Build.0 = Debug|Any CPU
		{BD4B1E29-A9E9-48A1-A1A1-56A75DCD9E81}.Release|Any CPU.ActiveCfg = Release|Any CPU
		{BD4B1E29-A9E9-48A1-A1A1-56A75DCD9E81}.Release|Any CPU.Build.0 = Release|Any CPU
		{C04995DE-A876-4C37-828F-E374CAA0BA5F}.Debug|Any CPU.ActiveCfg = Debug|Any CPU
		{C04995DE-A876-4C37-828F-E374CAA0BA5F}.Debug|Any CPU.Build.0 = Debug|Any CPU
		{C04995DE-A876-4C37-828F-E374CAA0BA5F}.Release|Any CPU.ActiveCfg = Release|Any CPU
		{C04995DE-A876-4C37-828F-E374CAA0BA5F}.Release|Any CPU.Build.0 = Release|Any CPU
		{5EEC48C0-AA61-4C26-A598-AC578E1C2635}.Debug|Any CPU.ActiveCfg = Debug|Any CPU
		{5EEC48C0-AA61-4C26-A598-AC578E1C2635}.Debug|Any CPU.Build.0 = Debug|Any CPU
		{5EEC48C0-AA61-4C26-A598-AC578E1C2635}.Release|Any CPU.ActiveCfg = Release|Any CPU
		{5EEC48C0-AA61-4C26-A598-AC578E1C2635}.Release|Any CPU.Build.0 = Release|Any CPU
		{F3B9ABE8-547F-4546-B785-E34FE0AB1A1E}.Debug|Any CPU.ActiveCfg = Debug|Any CPU
		{F3B9ABE8-547F-4546-B785-E34FE0AB1A1E}.Debug|Any CPU.Build.0 = Debug|Any CPU
		{F3B9ABE8-547F-4546-B785-E34FE0AB1A1E}.Release|Any CPU.ActiveCfg = Release|Any CPU
		{F3B9ABE8-547F-4546-B785-E34FE0AB1A1E}.Release|Any CPU.Build.0 = Release|Any CPU
	EndGlobalSection
	GlobalSection(SolutionProperties) = preSolution
		HideSolutionNode = FALSE
	EndGlobalSection
	GlobalSection(ExtensibilityGlobals) = postSolution
		SolutionGuid = {A1284E11-0AA0-4158-87FC-064C8465FD42}
	EndGlobalSection
EndGlobal
